
Microsoft Visual Studio Solution File, Format Version 12.00
# Visual Studio Version 17
VisualStudioVersion = 17.2.32526.322
MinimumVisualStudioVersion = 10.0.40219.1
Project("{9A19103F-16F7-4668-BE54-9A1E7A4F7556}") = "ExtractFCat", "ExtractFCat\ExtractFCat.csproj", "{36E6CB1C-98D2-4317-B4AF-55D25820177D}"
EndProject
Project("{9A19103F-16F7-4668-BE54-9A1E7A4F7556}") = "DigiChrome", "DigiChrome\DigiChrome.csproj", "{EFB2AB9E-23C9-4087-8F81-E8C836AD34AD}"
EndProject
Project("{9A19103F-16F7-4668-BE54-9A1E7A4F7556}") = "DigiChrome.CLI", "DigiChrome.CLI\DigiChrome.CLI.csproj", "{2226B6F6-B777-402F-BCB4-306ADCCFB07A}"
EndProject
Project("{FAE04EC0-301F-11D3-BF4B-00C04F79EFBC}") = "DigiChrome.Player", "DigiChrome.Player\DigiChrome.Player.csproj", "{C7C74408-F9E8-4090-B514-65093DE06C20}"
EndProject
Global
	GlobalSection(SolutionConfigurationPlatforms) = preSolution
		Debug|Any CPU = Debug|Any CPU
		Release|Any CPU = Release|Any CPU
	EndGlobalSection
	GlobalSection(ProjectConfigurationPlatforms) = postSolution
		{36E6CB1C-98D2-4317-B4AF-55D25820177D}.Debug|Any CPU.ActiveCfg = Debug|Any CPU
		{36E6CB1C-98D2-4317-B4AF-55D25820177D}.Debug|Any CPU.Build.0 = Debug|Any CPU
		{36E6CB1C-98D2-4317-B4AF-55D25820177D}.Release|Any CPU.ActiveCfg = Release|Any CPU
		{36E6CB1C-98D2-4317-B4AF-55D25820177D}.Release|Any CPU.Build.0 = Release|Any CPU
		{EFB2AB9E-23C9-4087-8F81-E8C836AD34AD}.Debug|Any CPU.ActiveCfg = Debug|Any CPU
		{EFB2AB9E-23C9-4087-8F81-E8C836AD34AD}.Debug|Any CPU.Build.0 = Debug|Any CPU
		{EFB2AB9E-23C9-4087-8F81-E8C836AD34AD}.Release|Any CPU.ActiveCfg = Release|Any CPU
		{EFB2AB9E-23C9-4087-8F81-E8C836AD34AD}.Release|Any CPU.Build.0 = Release|Any CPU
		{2226B6F6-B777-402F-BCB4-306ADCCFB07A}.Debug|Any CPU.ActiveCfg = Debug|Any CPU
		{2226B6F6-B777-402F-BCB4-306ADCCFB07A}.Debug|Any CPU.Build.0 = Debug|Any CPU
		{2226B6F6-B777-402F-BCB4-306ADCCFB07A}.Release|Any CPU.ActiveCfg = Release|Any CPU
		{2226B6F6-B777-402F-BCB4-306ADCCFB07A}.Release|Any CPU.Build.0 = Release|Any CPU
		{C7C74408-F9E8-4090-B514-65093DE06C20}.Debug|Any CPU.ActiveCfg = Debug|Any CPU
		{C7C74408-F9E8-4090-B514-65093DE06C20}.Debug|Any CPU.Build.0 = Debug|Any CPU
		{C7C74408-F9E8-4090-B514-65093DE06C20}.Release|Any CPU.ActiveCfg = Release|Any CPU
		{C7C74408-F9E8-4090-B514-65093DE06C20}.Release|Any CPU.Build.0 = Release|Any CPU
	EndGlobalSection
	GlobalSection(SolutionProperties) = preSolution
		HideSolutionNode = FALSE
	EndGlobalSection
	GlobalSection(ExtensibilityGlobals) = postSolution
		SolutionGuid = {F5085738-8E4E-4C87-9F12-9761306C940E}
	EndGlobalSection
EndGlobal
